
Microsoft Visual Studio Solution File, Format Version 12.00
# Visual Studio 15
VisualStudioVersion = 15.0.27130.2010
MinimumVisualStudioVersion = 10.0.40219.1
Project("{FAE04EC0-301F-11D3-BF4B-00C04F79EFBC}") = "ClassiCube Updater", "ClassiCube Updater.csproj", "{8BEB280A-BCBB-435B-A7BA-C6ABCE6F3CB8}"
EndProject
Global
	GlobalSection(SolutionConfigurationPlatforms) = preSolution
		Debug|x86 = Debug|x86
		Release|x86 = Release|x86
	EndGlobalSection
	GlobalSection(ProjectConfigurationPlatforms) = postSolution
		{8BEB280A-BCBB-435B-A7BA-C6ABCE6F3CB8}.Debug|x86.ActiveCfg = Debug|x86
		{8BEB280A-BCBB-435B-A7BA-C6ABCE6F3CB8}.Debug|x86.Build.0 = Debug|x86
		{8BEB280A-BCBB-435B-A7BA-C6ABCE6F3CB8}.Release|x86.ActiveCfg = Release|x86
		{8BEB280A-BCBB-435B-A7BA-C6ABCE6F3CB8}.Release|x86.Build.0 = Release|x86
	EndGlobalSection
	GlobalSection(SolutionProperties) = preSolution
		HideSolutionNode = FALSE
	EndGlobalSection
	GlobalSection(ExtensibilityGlobals) = postSolution
		SolutionGuid = {449176C2-876E-4BEC-8C13-4FDC8A28F105}
	EndGlobalSection
EndGlobal
